
Microsoft Visual Studio Solution File, Format Version 12.00
# Visual Studio 2013
VisualStudioVersion = 12.0.31101.0
MinimumVisualStudioVersion = 10.0.40219.1
Project("{FAE04EC0-301F-11D3-BF4B-00C04F79EFBC}") = "WebService-CSharp", "WebServiceCSharp\WebService-CSharp.csproj", "{4D633460-0580-408F-BFE7-13D69E41A71B}"
EndProject
Project("{FAE04EC0-301F-11D3-BF4B-00C04F79EFBC}") = "WebServiceTests", "WebServiceTests\WebServiceTests.csproj", "{E01FE188-C8E2-4424-B59C-6E075DA55EA8}"
EndProject
Global
	GlobalSection(SolutionConfigurationPlatforms) = preSolution
		Debug|Any CPU = Debug|Any CPU
		Release|Any CPU = Release|Any CPU
	EndGlobalSection
	GlobalSection(ProjectConfigurationPlatforms) = postSolution
		{4D633460-0580-408F-BFE7-13D69E41A71B}.Debug|Any CPU.ActiveCfg = Debug|Any CPU
		{4D633460-0580-408F-BFE7-13D69E41A71B}.Debug|Any CPU.Build.0 = Debug|Any CPU
		{4D633460-0580-408F-BFE7-13D69E41A71B}.Release|Any CPU.ActiveCfg = Release|Any CPU
		{4D633460-0580-408F-BFE7-13D69E41A71B}.Release|Any CPU.Build.0 = Release|Any CPU
		{E01FE188-C8E2-4424-B59C-6E075DA55EA8}.Debug|Any CPU.ActiveCfg = Debug|Any CPU
		{E01FE188-C8E2-4424-B59C-6E075DA55EA8}.Debug|Any CPU.Build.0 = Debug|Any CPU
		{E01FE188-C8E2-4424-B59C-6E075DA55EA8}.Release|Any CPU.ActiveCfg = Release|Any CPU
		{E01FE188-C8E2-4424-B59C-6E075DA55EA8}.Release|Any CPU.Build.0 = Release|Any CPU
	EndGlobalSection
	GlobalSection(SolutionProperties) = preSolution
		HideSolutionNode = FALSE
	EndGlobalSection
EndGlobal
